// !$*UTF8*$!
{
	archiveVersion = 1;
	classes = {
	};
	objectVersion = 50;
	objects = {

/* Begin PBXBuildFile section */
		3132FB1122ADE6D400392235 /* animationViewController.swift in Sources */ = {isa = PBXBuildFile; fileRef = 3132FB1022ADE6D400392235 /* animationViewController.swift */; };
		319D79BD22B0DF8700F5A111 /* OpenViewController.swift in Sources */ = {isa = PBXBuildFile; fileRef = 319D79BC22B0DF8700F5A111 /* OpenViewController.swift */; };
		31ACCE30229CC19F00D9D066 /* AppDelegate.swift in Sources */ = {isa = PBXBuildFile; fileRef = 31ACCE2F229CC19F00D9D066 /* AppDelegate.swift */; };
		31ACCE32229CC19F00D9D066 /* ViewController.swift in Sources */ = {isa = PBXBuildFile; fileRef = 31ACCE31229CC19F00D9D066 /* ViewController.swift */; };
		31ACCE35229CC19F00D9D066 /* Main.storyboard in Resources */ = {isa = PBXBuildFile; fileRef = 31ACCE33229CC19F00D9D066 /* Main.storyboard */; };
		31ACCE37229CC1A000D9D066 /* Assets.xcassets in Resources */ = {isa = PBXBuildFile; fileRef = 31ACCE36229CC1A000D9D066 /* Assets.xcassets */; };
		31ACCE3A229CC1A000D9D066 /* LaunchScreen.storyboard in Resources */ = {isa = PBXBuildFile; fileRef = 31ACCE38229CC1A000D9D066 /* LaunchScreen.storyboard */; };
		31ACCE43229CC76D00D9D066 /* momoclo.caf in Resources */ = {isa = PBXBuildFile; fileRef = 31ACCE41229CC72400D9D066 /* momoclo.caf */; };
		31ACCE44229CC76D00D9D066 /* tsuuchi.caf in Resources */ = {isa = PBXBuildFile; fileRef = 31ACCE42229CC72400D9D066 /* tsuuchi.caf */; };
		31ACCE46229CCE4100D9D066 /* NextViewController.swift in Sources */ = {isa = PBXBuildFile; fileRef = 31ACCE45229CCE4100D9D066 /* NextViewController.swift */; };
		31C9916022B1046A00A8E121 /* infoViewController.swift in Sources */ = {isa = PBXBuildFile; fileRef = 31C9915F22B1046A00A8E121 /* infoViewController.swift */; };
/* End PBXBuildFile section */

/* Begin PBXFileReference section */
		3132FB1022ADE6D400392235 /* animationViewController.swift */ = {isa = PBXFileReference; lastKnownFileType = sourcecode.swift; path = animationViewController.swift; sourceTree = "<group>"; };
		319D79BC22B0DF8700F5A111 /* OpenViewController.swift */ = {isa = PBXFileReference; lastKnownFileType = sourcecode.swift; path = OpenViewController.swift; sourceTree = "<group>"; };
		31ACCE2C229CC19F00D9D066 /* sampleAlarm.app */ = {isa = PBXFileReference; explicitFileType = wrapper.application; includeInIndex = 0; path = sampleAlarm.app; sourceTree = BUILT_PRODUCTS_DIR; };
		31ACCE2F229CC19F00D9D066 /* AppDelegate.swift */ = {isa = PBXFileReference; lastKnownFileType = sourcecode.swift; path = AppDelegate.swift; sourceTree = "<group>"; };
		31ACCE31229CC19F00D9D066 /* ViewController.swift */ = {isa = PBXFileReference; lastKnownFileType = sourcecode.swift; path = ViewController.swift; sourceTree = "<group>"; };
		31ACCE34229CC19F00D9D066 /* Base */ = {isa = PBXFileReference; lastKnownFileType = file.storyboard; name = Base; path = Base.lproj/Main.storyboard; sourceTree = "<group>"; };
		31ACCE36229CC1A000D9D066 /* Assets.xcassets */ = {isa = PBXFileReference; lastKnownFileType = folder.assetcatalog; path = Assets.xcassets; sourceTree = "<group>"; };
		31ACCE39229CC1A000D9D066 /* Base */ = {isa = PBXFileReference; lastKnownFileType = file.storyboard; name = Base; path = Base.lproj/LaunchScreen.storyboard; sourceTree = "<group>"; };
		31ACCE3B229CC1A000D9D066 /* Info.plist */ = {isa = PBXFileReference; lastKnownFileType = text.plist.xml; path = Info.plist; sourceTree = "<group>"; };
		31ACCE41229CC72400D9D066 /* momoclo.caf */ = {isa = PBXFileReference; lastKnownFileType = file; path = momoclo.caf; sourceTree = "<group>"; };
		31ACCE42229CC72400D9D066 /* tsuuchi.caf */ = {isa = PBXFileReference; lastKnownFileType = file; path = tsuuchi.caf; sourceTree = "<group>"; };
		31ACCE45229CCE4100D9D066 /* NextViewController.swift */ = {isa = PBXFileReference; lastKnownFileType = sourcecode.swift; path = NextViewController.swift; sourceTree = "<group>"; };
		31C9915F22B1046A00A8E121 /* infoViewController.swift */ = {isa = PBXFileReference; lastKnownFileType = sourcecode.swift; path = infoViewController.swift; sourceTree = "<group>"; };
/* End PBXFileReference section */

/* Begin PBXFrameworksBuildPhase section */
		31ACCE29229CC19F00D9D066 /* Frameworks */ = {
			isa = PBXFrameworksBuildPhase;
			buildActionMask = 2147483647;
			files = (
			);
			runOnlyForDeploymentPostprocessing = 0;
		};
/* End PBXFrameworksBuildPhase section */

/* Begin PBXGroup section */
		31ACCE23229CC19F00D9D066 = {
			isa = PBXGroup;
			children = (
				31ACCE2E229CC19F00D9D066 /* sampleAlarm */,
				31ACCE2D229CC19F00D9D066 /* Products */,
			);
			sourceTree = "<group>";
		};
		31ACCE2D229CC19F00D9D066 /* Products */ = {
			isa = PBXGroup;
			children = (
				31ACCE2C229CC19F00D9D066 /* sampleAlarm.app */,
			);
			name = Products;
			sourceTree = "<group>";
		};
		31ACCE2E229CC19F00D9D066 /* sampleAlarm */ = {
			isa = PBXGroup;
			children = (
				31ACCE2F229CC19F00D9D066 /* AppDelegate.swift */,
				31ACCE31229CC19F00D9D066 /* ViewController.swift */,
				31ACCE45229CCE4100D9D066 /* NextViewController.swift */,
				31ACCE33229CC19F00D9D066 /* Main.storyboard */,
				31C9915F22B1046A00A8E121 /* infoViewController.swift */,
				319D79BC22B0DF8700F5A111 /* OpenViewController.swift */,
				3132FB1022ADE6D400392235 /* animationViewController.swift */,
				31ACCE36229CC1A000D9D066 /* Assets.xcassets */,
				31ACCE38229CC1A000D9D066 /* LaunchScreen.storyboard */,
				31ACCE41229CC72400D9D066 /* momoclo.caf */,
				31ACCE42229CC72400D9D066 /* tsuuchi.caf */,
				31ACCE3B229CC1A000D9D066 /* Info.plist */,
			);
			path = sampleAlarm;
			sourceTree = "<group>";
		};
/* End PBXGroup section */

/* Begin PBXNativeTarget section */
		31ACCE2B229CC19F00D9D066 /* sampleAlarm */ = {
			isa = PBXNativeTarget;
			buildConfigurationList = 31ACCE3E229CC1A000D9D066 /* Build configuration list for PBXNativeTarget "sampleAlarm" */;
			buildPhases = (
				31ACCE28229CC19F00D9D066 /* Sources */,
				31ACCE29229CC19F00D9D066 /* Frameworks */,
				31ACCE2A229CC19F00D9D066 /* Resources */,
			);
			buildRules = (
			);
			dependencies = (
			);
			name = sampleAlarm;
			productName = sampleAlarm;
			productReference = 31ACCE2C229CC19F00D9D066 /* sampleAlarm.app */;
			productType = "com.apple.product-type.application";
		};
/* End PBXNativeTarget section */

/* Begin PBXProject section */
		31ACCE24229CC19F00D9D066 /* Project object */ = {
			isa = PBXProject;
			attributes = {
				LastSwiftUpdateCheck = 1020;
				LastUpgradeCheck = 1020;
				ORGANIZATIONNAME = "Yasuyuki Takeshita";
				TargetAttributes = {
					31ACCE2B229CC19F00D9D066 = {
						CreatedOnToolsVersion = 10.2.1;
						SystemCapabilities = {
							com.apple.BackgroundModes = {
								enabled = 1;
							};
						};
					};
				};
			};
			buildConfigurationList = 31ACCE27229CC19F00D9D066 /* Build configuration list for PBXProject "sampleAlarm" */;
			compatibilityVersion = "Xcode 9.3";
			developmentRegion = en;
			hasScannedForEncodings = 0;
			knownRegions = (
				en,
				Base,
			);
			mainGroup = 31ACCE23229CC19F00D9D066;
			productRefGroup = 31ACCE2D229CC19F00D9D066 /* Products */;
			projectDirPath = "";
			projectRoot = "";
			targets = (
				31ACCE2B229CC19F00D9D066 /* sampleAlarm */,
			);
		};
/* End PBXProject section */

/* Begin PBXResourcesBuildPhase section */
		31ACCE2A229CC19F00D9D066 /* Resources */ = {
			isa = PBXResourcesBuildPhase;
			buildActionMask = 2147483647;
			files = (
				31ACCE43229CC76D00D9D066 /* momoclo.caf in Resources */,
				31ACCE44229CC76D00D9D066 /* tsuuchi.caf in Resources */,
				31ACCE3A229CC1A000D9D066 /* LaunchScreen.storyboard in Resources */,
				31ACCE37229CC1A000D9D066 /* Assets.xcassets in Resources */,
				31ACCE35229CC19F00D9D066 /* Main.storyboard in Resources */,
			);
			runOnlyForDeploymentPostprocessing = 0;
		};
/* End PBXResourcesBuildPhase section */

/* Begin PBXSourcesBuildPhase section */
		31ACCE28229CC19F00D9D066 /* Sources */ = {
			isa = PBXSourcesBuildPhase;
			buildActionMask = 2147483647;
			files = (
				31C9916022B1046A00A8E121 /* infoViewController.swift in Sources */,
				319D79BD22B0DF8700F5A111 /* OpenViewController.swift in Sources */,
				31ACCE32229CC19F00D9D066 /* ViewController.swift in Sources */,
				31ACCE46229CCE4100D9D066 /* NextViewController.swift in Sources */,
				31ACCE30229CC19F00D9D066 /* AppDelegate.swift in Sources */,
				3132FB1122ADE6D400392235 /* animationViewController.swift in Sources */,
			);
			runOnlyForDeploymentPostprocessing = 0;
		};
/* End PBXSourcesBuildPhase section */

/* Begin PBXVariantGroup section */
		31ACCE33229CC19F00D9D066 /* Main.storyboard */ = {
			isa = PBXVariantGroup;
			children = (
				31ACCE34229CC19F00D9D066 /* Base */,
			);
			name = Main.storyboard;
			sourceTree = "<group>";
		};
		31ACCE38229CC1A000D9D066 /* LaunchScreen.storyboard */ = {
			isa = PBXVariantGroup;
			children = (
				31ACCE39229CC1A000D9D066 /* Base */,
			);
			name = LaunchScreen.storyboard;
			sourceTree = "<group>";
		};
/* End PBXVariantGroup section */

/* Begin XCBuildConfiguration section */
		31ACCE3C229CC1A000D9D066 /* Debug */ = {
			isa = XCBuildConfiguration;
			buildSettings = {
				ALWAYS_SEARCH_USER_PATHS = NO;
				CLANG_ANALYZER_NONNULL = YES;
				CLANG_ANALYZER_NUMBER_OBJECT_CONVERSION = YES_AGGRESSIVE;
				CLANG_CXX_LANGUAGE_STANDARD = "gnu++14";
				CLANG_CXX_LIBRARY = "libc++";
				CLANG_ENABLE_MODULES = YES;
				CLANG_ENABLE_OBJC_ARC = YES;
				CLANG_ENABLE_OBJC_WEAK = YES;
				CLANG_WARN_BLOCK_CAPTURE_AUTORELEASING = YES;
				CLANG_WARN_BOOL_CONVERSION = YES;
				CLANG_WARN_COMMA = YES;
				CLANG_WARN_CONSTANT_CONVERSION = YES;
				CLANG_WARN_DEPRECATED_OBJC_IMPLEMENTATIONS = YES;
				CLANG_WARN_DIRECT_OBJC_ISA_USAGE = YES_ERROR;
				CLANG_WARN_DOCUMENTATION_COMMENTS = YES;
				CLANG_WARN_EMPTY_BODY = YES;
				CLANG_WARN_ENUM_CONVERSION = YES;
				CLANG_WARN_INFINITE_RECURSION = YES;
				CLANG_WARN_INT_CONVERSION = YES;
				CLANG_WARN_NON_LITERAL_NULL_CONVERSION = YES;
				CLANG_WARN_OBJC_IMPLICIT_RETAIN_SELF = YES;
				CLANG_WARN_OBJC_LITERAL_CONVERSION = YES;
				CLANG_WARN_OBJC_ROOT_CLASS = YES_ERROR;
				CLANG_WARN_RANGE_LOOP_ANALYSIS = YES;
				CLANG_WARN_STRICT_PROTOTYPES = YES;
				CLANG_WARN_SUSPICIOUS_MOVE = YES;
				CLANG_WARN_UNGUARDED_AVAILABILITY = YES_AGGRESSIVE;
				CLANG_WARN_UNREACHABLE_CODE = YES;
				CLANG_WARN__DUPLICATE_METHOD_MATCH = YES;
				CODE_SIGN_IDENTITY = "iPhone Developer";
				COPY_PHASE_STRIP = NO;
				DEBUG_INFORMATION_FORMAT = dwarf;
				ENABLE_STRICT_OBJC_MSGSEND = YES;
				ENABLE_TESTABILITY = YES;
				GCC_C_LANGUAGE_STANDARD = gnu11;
				GCC_DYNAMIC_NO_PIC = NO;
				GCC_NO_COMMON_BLOCKS = YES;
				GCC_OPTIMIZATION_LEVEL = 0;
				GCC_PREPROCESSOR_DEFINITIONS = (
					"DEBUG=1",
					"$(inherited)",
				);
				GCC_WARN_64_TO_32_BIT_CONVERSION = YES;
				GCC_WARN_ABOUT_RETURN_TYPE = YES_ERROR;
				GCC_WARN_UNDECLARED_SELECTOR = YES;
				GCC_WARN_UNINITIALIZED_AUTOS = YES_AGGRESSIVE;
				GCC_WARN_UNUSED_FUNCTION = YES;
				GCC_WARN_UNUSED_VARIABLE = YES;
				IPHONEOS_DEPLOYMENT_TARGET = 12.2;
				MTL_ENABLE_DEBUG_INFO = INCLUDE_SOURCE;
				MTL_FAST_MATH = YES;
				ONLY_ACTIVE_ARCH = YES;
				SDKROOT = iphoneos;
				SWIFT_ACTIVE_COMPILATION_CONDITIONS = DEBUG;
				SWIFT_OPTIMIZATION_LEVEL = "-Onone";
			};
			name = Debug;
		};
		31ACCE3D229CC1A000D9D066 /* Release */ = {
			isa = XCBuildConfiguration;
			buildSettings = {
				ALWAYS_SEARCH_USER_PATHS = NO;
				CLANG_ANALYZER_NONNULL = YES;
				CLANG_ANALYZER_NUMBER_OBJECT_CONVERSION = YES_AGGRESSIVE;
				CLANG_CXX_LANGUAGE_STANDARD = "gnu++14";
				CLANG_CXX_LIBRARY = "libc++";
				CLANG_ENABLE_MODULES = YES;
				CLANG_ENABLE_OBJC_ARC = YES;
				CLANG_ENABLE_OBJC_WEAK = YES;
				CLANG_WARN_BLOCK_CAPTURE_AUTORELEASING = YES;
				CLANG_WARN_BOOL_CONVERSION = YES;
				CLANG_WARN_COMMA = YES;
				CLANG_WARN_CONSTANT_CONVERSION = YES;
				CLANG_WARN_DEPRECATED_OBJC_IMPLEMENTATIONS = YES;
				CLANG_WARN_DIRECT_OBJC_ISA_USAGE = YES_ERROR;
				CLANG_WARN_DOCUMENTATION_COMMENTS = YES;
				CLANG_WARN_EMPTY_BODY = YES;
				CLANG_WARN_ENUM_CONVERSION = YES;
				CLANG_WARN_INFINITE_RECURSION = YES;
				CLANG_WARN_INT_CONVERSION = YES;
				CLANG_WARN_NON_LITERAL_NULL_CONVERSION = YES;
				CLANG_WARN_OBJC_IMPLICIT_RETAIN_SELF = YES;
				CLANG_WARN_OBJC_LITERAL_CONVERSION = YES;
				CLANG_WARN_OBJC_ROOT_CLASS = YES_ERROR;
				CLANG_WARN_RANGE_LOOP_ANALYSIS = YES;
				CLANG_WARN_STRICT_PROTOTYPES = YES;
				CLANG_WARN_SUSPICIOUS_MOVE = YES;
				CLANG_WARN_UNGUARDED_AVAILABILITY = YES_AGGRESSIVE;
				CLANG_WARN_UNREACHABLE_CODE = YES;
				CLANG_WARN__DUPLICATE_METHOD_MATCH = YES;
				CODE_SIGN_IDENTITY = "iPhone Developer";
				COPY_PHASE_STRIP = NO;
				DEBUG_INFORMATION_FORMAT = "dwarf-with-dsym";
				ENABLE_NS_ASSERTIONS = NO;
				ENABLE_STRICT_OBJC_MSGSEND = YES;
				GCC_C_LANGUAGE_STANDARD = gnu11;
				GCC_NO_COMMON_BLOCKS = YES;
				GCC_WARN_64_TO_32_BIT_CONVERSION = YES;
				GCC_WARN_ABOUT_RETURN_TYPE = YES_ERROR;
				GCC_WARN_UNDECLARED_SELECTOR = YES;
				GCC_WARN_UNINITIALIZED_AUTOS = YES_AGGRESSIVE;
				GCC_WARN_UNUSED_FUNCTION = YES;
				GCC_WARN_UNUSED_VARIABLE = YES;
				IPHONEOS_DEPLOYMENT_TARGET = 12.2;
				MTL_ENABLE_DEBUG_INFO = NO;
				MTL_FAST_MATH = YES;
				SDKROOT = iphoneos;
				SWIFT_COMPILATION_MODE = wholemodule;
				SWIFT_OPTIMIZATION_LEVEL = "-O";
				VALIDATE_PRODUCT = YES;
			};
			name = Release;
		};
		31ACCE3F229CC1A000D9D066 /* Debug */ = {
			isa = XCBuildConfiguration;
			buildSettings = {
				ASSETCATALOG_COMPILER_APPICON_NAME = AppIcon;
				CODE_SIGN_STYLE = Automatic;
				DEVELOPMENT_TEAM = F255JYMCP6;
				INFOPLIST_FILE = sampleAlarm/Info.plist;
				LD_RUNPATH_SEARCH_PATHS = (
					"$(inherited)",
					"@executable_path/Frameworks",
				);
				PRODUCT_BUNDLE_IDENTIFIER = com.yshita.sampleAlarm;
				PRODUCT_NAME = "$(TARGET_NAME)";
				SWIFT_VERSION = 5.0;
				TARGETED_DEVICE_FAMILY = 1;
			};
			name = Debug;
		};
		31ACCE40229CC1A000D9D066 /* Release */ = {
			isa = XCBuildConfiguration;
			buildSettings = {
				ASSETCATALOG_COMPILER_APPICON_NAME = AppIcon;
				CODE_SIGN_STYLE = Automatic;
				DEVELOPMENT_TEAM = F255JYMCP6;
				INFOPLIST_FILE = sampleAlarm/Info.plist;
				LD_RUNPATH_SEARCH_PATHS = (
					"$(inherited)",
					"@executable_path/Frameworks",
				);
				PRODUCT_BUNDLE_IDENTIFIER = com.yshita.sampleAlarm;
				PRODUCT_NAME = "$(TARGET_NAME)";
				SWIFT_VERSION = 5.0;
				TARGETED_DEVICE_FAMILY = 1;
			};
			name = Release;
		};
/* End XCBuildConfiguration section */

/* Begin XCConfigurationList section */
		31ACCE27229CC19F00D9D066 /* Build configuration list for PBXProject "sampleAlarm" */ = {
			isa = XCConfigurationList;
			buildConfigurations = (
				31ACCE3C229CC1A000D9D066 /* Debug */,
				31ACCE3D229CC1A000D9D066 /* Release */,
			);
			defaultConfigurationIsVisible = 0;
			defaultConfigurationName = Release;
		};
		31ACCE3E229CC1A000D9D066 /* Build configuration list for PBXNativeTarget "sampleAlarm" */ = {
			isa = XCConfigurationList;
			buildConfigurations = (
				31ACCE3F229CC1A000D9D066 /* Debug */,
				31ACCE40229CC1A000D9D066 /* Release */,
			);
			defaultConfigurationIsVisible = 0;
			defaultConfigurationName = Release;
		};
/* End XCConfigurationList section */
	};
	rootObject = 31ACCE24229CC19F00D9D066 /* Project object */;
}
